<?xml version="1.0" encoding="utf-8"?>
<Project ToolsVersion="4.0" xmlns="http://schemas.microsoft.com/developer/msbuild/2003">
  <ItemGroup>
    <Filter Include="Source Files">
      <UniqueIdentifier>{4FC737F1-C7A5-4376-A066-2A32D752A2FF}</UniqueIdentifier>
      <Extensions>cpp;c;cc;cxx;def;odl;idl;hpj;bat;asm;asmx</Extensions>
    </Filter>
    <Filter Include="Header Files">
      <UniqueIdentifier>{93995380-89BD-4b04-88EB-625FBE52EBFB}</UniqueIdentifier>
      <Extensions>h;hpp;hxx;hm;inl;inc;xsd</Extensions>
    </Filter>
    <Filter Include="Resource Files">
      <UniqueIdentifier>{67DA6AB6-F800-4c08-8B7A-83BB121AAD01}</UniqueIdentifier>
      <Extensions>rc;ico;cur;bmp;dlg;rc2;rct;bin;rgs;gif;jpg;jpeg;jpe;resx;tiff;tif;png;wav;mfcribbon-ms</Extensions>
    </Filter>
    <Filter Include="Header Files\framework">
      <UniqueIdentifier>{511f85d4-1204-4dbe-8660-d85dee3280eb}</UniqueIdentifier>
    </Filter>
    <Filter Include="Source Files\framework">
      <UniqueIdentifier>{78eefac5-c651-4fd2-aa6c-94aa9e98ba69}</UniqueIdentifier>
    </Filter>
    <Filter Include="Header Files\Interfaces">
      <UniqueIdentifier>{44f3538f-590a-41c2-96b1-4020da1005be}</UniqueIdentifier>
    </Filter>
    <Filter Include="Source Files\Turret">
      <UniqueIdentifier>{9dacd11e-26f3-46fd-a1e7-2a3d167c9807}</UniqueIdentifier>
    </Filter>
    <Filter Include="Header Files\Turret">
      <UniqueIdentifier>{380222ff-9b9e-483b-a45d-5c3a416eab32}</UniqueIdentifier>
    </Filter>
    <Filter Include="Source Files\Bullet">
      <UniqueIdentifier>{9e3ddfb2-d90c-44aa-9a35-3d2ab05409f5}</UniqueIdentifier>
    </Filter>
    <Filter Include="Header Files\Bullet">
      <UniqueIdentifier>{f4cacb48-ab49-49e1-a136-d923c836a405}</UniqueIdentifier>
    </Filter>
    <Filter Include="Source Files\Room">
      <UniqueIdentifier>{41e651d2-2628-4b66-8f1f-53fcd102b7c8}</UniqueIdentifier>
    </Filter>
    <Filter Include="Header Files\Room">
      <UniqueIdentifier>{14965886-ef59-4064-9da1-71fe26d30e26}</UniqueIdentifier>
    </Filter>
    <Filter Include="Source Files\Collider">
      <UniqueIdentifier>{b3ed09a2-7369-45ed-be78-4395a48dc10b}</UniqueIdentifier>
    </Filter>
    <Filter Include="Header Files\Collider">
      <UniqueIdentifier>{67b89af5-6280-4c5e-a002-23fcf58d67c0}</UniqueIdentifier>
    </Filter>
  </ItemGroup>
  <ItemGroup>
    <ClInclude Include="audiomanager.h">
      <Filter>Header Files\framework</Filter>
    </ClInclude>
    <ClInclude Include="GameBase.h">
      <Filter>Header Files\framework</Filter>
    </ClInclude>
    <ClInclude Include="timer.h">
      <Filter>Header Files\framework</Filter>
    </ClInclude>
    <ClInclude Include="AWFont.h">
      <Filter>Header Files\framework</Filter>
    </ClInclude>
    <ClInclude Include="AWSprite.h">
      <Filter>Header Files\framework</Filter>
    </ClInclude>
    <ClInclude Include="console.h">
      <Filter>Header Files\framework</Filter>
    </ClInclude>
    <ClInclude Include="random.h">
      <Filter>Header Files\framework</Filter>
    </ClInclude>
    <ClInclude Include="SDL.h">
      <Filter>Header Files\framework</Filter>
    </ClInclude>
    <ClInclude Include="SDL_image.h">
      <Filter>Header Files\framework</Filter>
    </ClInclude>
    <ClInclude Include="smanip.h">
      <Filter>Header Files\framework</Filter>
    </ClInclude>
    <ClInclude Include="SDL_events.h">
      <Filter>Header Files\framework</Filter>
    </ClInclude>
    <ClInclude Include="SDL_keysym.h">
      <Filter>Header Files\framework</Filter>
    </ClInclude>
    <ClInclude Include="SDL_mouse.h">
      <Filter>Header Files\framework</Filter>
    </ClInclude>
    <ClInclude Include="Game.h">
      <Filter>Header Files</Filter>
    </ClInclude>
    <ClInclude Include="GameObject.h">
      <Filter>Header Files\Interfaces</Filter>
    </ClInclude>
    <ClInclude Include="Turret_Behaviour.h">
      <Filter>Header Files\Turret</Filter>
    </ClInclude>
    <ClInclude Include="Turret.h">
      <Filter>Header Files\Turret</Filter>
    </ClInclude>
    <ClInclude Include="Bullet.h">
      <Filter>Header Files\Bullet</Filter>
    </ClInclude>
    <ClInclude Include="Room_Object.h">
      <Filter>Header Files\Room</Filter>
    </ClInclude>
    <ClInclude Include="Room.h">
      <Filter>Header Files\Interfaces</Filter>
    </ClInclude>
    <ClInclude Include="Collider_Object.h">
      <Filter>Header Files\Collider</Filter>
    </ClInclude>
    <ClInclude Include="GAME_CONSTANTS.h">
      <Filter>Header Files</Filter>
    </ClInclude>
    <ClInclude Include="Vector2.h">
      <Filter>Header Files</Filter>
    </ClInclude>
  </ItemGroup>
  <ItemGroup>
    <ClCompile Include="GameBase.cpp">
      <Filter>Source Files\framework</Filter>
    </ClCompile>
    <ClCompile Include="AWSprite.cpp">
      <Filter>Source Files\framework</Filter>
    </ClCompile>
    <ClCompile Include="audiomanager.cpp">
      <Filter>Source Files\framework</Filter>
    </ClCompile>
    <ClCompile Include="Game.cpp">
      <Filter>Source Files</Filter>
    </ClCompile>
    <ClCompile Include="Main.cpp">
      <Filter>Source Files</Filter>
    </ClCompile>
    <ClCompile Include="Turret_Behaviour.cpp">
      <Filter>Source Files\Turret</Filter>
    </ClCompile>
    <ClCompile Include="Turret.cpp">
      <Filter>Source Files\Turret</Filter>
    </ClCompile>
    <ClCompile Include="Bullet.cpp">
      <Filter>Source Files\Bullet</Filter>
    </ClCompile>
    <ClCompile Include="Room_Object.cpp">
      <Filter>Source Files\Room</Filter>
    </ClCompile>
    <ClCompile Include="Collider_Object.cpp">
      <Filter>Source Files\Collider</Filter>
    </ClCompile>
  </ItemGroup>
</Project>